
Microsoft Visual Studio Solution File, Format Version 12.00
# Visual Studio Version 17
VisualStudioVersion = 17.7.34018.315
MinimumVisualStudioVersion = 10.0.40219.1
Project("{FAE04EC0-301F-11D3-BF4B-00C04F79EFBC}") = "Distributed.Caching", "Distributed.Caching\Distributed.Caching.csproj", "{9E34C244-DED1-4101-862B-64804909255F}"
EndProject
Project("{FAE04EC0-301F-11D3-BF4B-00C04F79EFBC}") = "InMemory.Caching", "InMemory.Caching\InMemory.Caching.csproj", "{3DCF1270-30BA-43CC-B612-676B45F4E33D}"
EndProject
Project("{FAE04EC0-301F-11D3-BF4B-00C04F79EFBC}") = "Redis.Pub.Sub.Publisher.Example", "Redis.Pub.Sub.Example\Redis.Pub.Sub.Publisher.Example.csproj", "{9F950C2D-5F11-42EF-B271-43579BBC474F}"
EndProject
Project("{FAE04EC0-301F-11D3-BF4B-00C04F79EFBC}") = "Redis.Pub.Sub.Subscriber.Example", "Redis.Pub.Sub.Subscriber.Example\Redis.Pub.Sub.Subscriber.Example.csproj", "{C7972469-93AA-40F7-BC60-DE0F9091E7E0}"
EndProject
Global
	GlobalSection(SolutionConfigurationPlatforms) = preSolution
		Debug|Any CPU = Debug|Any CPU
		Release|Any CPU = Release|Any CPU
	EndGlobalSection
	GlobalSection(ProjectConfigurationPlatforms) = postSolution
		{9E34C244-DED1-4101-862B-64804909255F}.Debug|Any CPU.ActiveCfg = Debug|Any CPU
		{9E34C244-DED1-4101-862B-64804909255F}.Debug|Any CPU.Build.0 = Debug|Any CPU
		{9E34C244-DED1-4101-862B-64804909255F}.Release|Any CPU.ActiveCfg = Release|Any CPU
		{9E34C244-DED1-4101-862B-64804909255F}.Release|Any CPU.Build.0 = Release|Any CPU
		{3DCF1270-30BA-43CC-B612-676B45F4E33D}.Debug|Any CPU.ActiveCfg = Debug|Any CPU
		{3DCF1270-30BA-43CC-B612-676B45F4E33D}.Debug|Any CPU.Build.0 = Debug|Any CPU
		{3DCF1270-30BA-43CC-B612-676B45F4E33D}.Release|Any CPU.ActiveCfg = Release|Any CPU
		{3DCF1270-30BA-43CC-B612-676B45F4E33D}.Release|Any CPU.Build.0 = Release|Any CPU
		{9F950C2D-5F11-42EF-B271-43579BBC474F}.Debug|Any CPU.ActiveCfg = Debug|Any CPU
		{9F950C2D-5F11-42EF-B271-43579BBC474F}.Debug|Any CPU.Build.0 = Debug|Any CPU
		{9F950C2D-5F11-42EF-B271-43579BBC474F}.Release|Any CPU.ActiveCfg = Release|Any CPU
		{9F950C2D-5F11-42EF-B271-43579BBC474F}.Release|Any CPU.Build.0 = Release|Any CPU
		{C7972469-93AA-40F7-BC60-DE0F9091E7E0}.Debug|Any CPU.ActiveCfg = Debug|Any CPU
		{C7972469-93AA-40F7-BC60-DE0F9091E7E0}.Debug|Any CPU.Build.0 = Debug|Any CPU
		{C7972469-93AA-40F7-BC60-DE0F9091E7E0}.Release|Any CPU.ActiveCfg = Release|Any CPU
		{C7972469-93AA-40F7-BC60-DE0F9091E7E0}.Release|Any CPU.Build.0 = Release|Any CPU
	EndGlobalSection
	GlobalSection(SolutionProperties) = preSolution
		HideSolutionNode = FALSE
	EndGlobalSection
	GlobalSection(ExtensibilityGlobals) = postSolution
		SolutionGuid = {6C5944F8-E065-494C-B5A5-7DDC27DDBEA6}
	EndGlobalSection
EndGlobal
